// !$*UTF8*$!
{
	archiveVersion = 1;
	classes = {
	};
	objectVersion = 48;
	objects = {

/* Begin PBXBuildFile section */
		C5069BB9206928BA001D08F3 /* Meme.swift in Sources */ = {isa = PBXBuildFile; fileRef = C5069BB8206928BA001D08F3 /* Meme.swift */; };
		C5069BBD206A344A001D08F3 /* MemeTableViewCell.swift in Sources */ = {isa = PBXBuildFile; fileRef = C5069BBC206A344A001D08F3 /* MemeTableViewCell.swift */; };
		C53BFB36206A7A1A0066B40F /* MemeCollectionViewCell.swift in Sources */ = {isa = PBXBuildFile; fileRef = C53BFB35206A7A1A0066B40F /* MemeCollectionViewCell.swift */; };
		C5A7A5152068E9E100D5616F /* AppDelegate.swift in Sources */ = {isa = PBXBuildFile; fileRef = C5A7A5142068E9E100D5616F /* AppDelegate.swift */; };
		C5A7A5172068E9E100D5616F /* MemeListViewController.swift in Sources */ = {isa = PBXBuildFile; fileRef = C5A7A5162068E9E100D5616F /* MemeListViewController.swift */; };
		C5A7A51A2068E9E100D5616F /* Main.storyboard in Resources */ = {isa = PBXBuildFile; fileRef = C5A7A5182068E9E100D5616F /* Main.storyboard */; };
		C5A7A51C2068E9E100D5616F /* Assets.xcassets in Resources */ = {isa = PBXBuildFile; fileRef = C5A7A51B2068E9E100D5616F /* Assets.xcassets */; };
		C5A7A51F2068E9E100D5616F /* LaunchScreen.storyboard in Resources */ = {isa = PBXBuildFile; fileRef = C5A7A51D2068E9E100D5616F /* LaunchScreen.storyboard */; };
		C5A7A52A2068EAB300D5616F /* MemeGridViewController.swift in Sources */ = {isa = PBXBuildFile; fileRef = C5A7A5292068EAB300D5616F /* MemeGridViewController.swift */; };
		C5A7A52C2068EB0100D5616F /* EditMemeViewController.swift in Sources */ = {isa = PBXBuildFile; fileRef = C5A7A52B2068EB0100D5616F /* EditMemeViewController.swift */; };
		C5A7A52E2068EB2700D5616F /* ViewMemeViewController.swift in Sources */ = {isa = PBXBuildFile; fileRef = C5A7A52D2068EB2700D5616F /* ViewMemeViewController.swift */; };
/* End PBXBuildFile section */

/* Begin PBXFileReference section */
		C5069BB8206928BA001D08F3 /* Meme.swift */ = {isa = PBXFileReference; lastKnownFileType = sourcecode.swift; path = Meme.swift; sourceTree = "<group>"; };
		C5069BBC206A344A001D08F3 /* MemeTableViewCell.swift */ = {isa = PBXFileReference; lastKnownFileType = sourcecode.swift; path = MemeTableViewCell.swift; sourceTree = "<group>"; };
		C53BFB35206A7A1A0066B40F /* MemeCollectionViewCell.swift */ = {isa = PBXFileReference; lastKnownFileType = sourcecode.swift; path = MemeCollectionViewCell.swift; sourceTree = "<group>"; };
		C5A7A5112068E9E100D5616F /* MemeV2.app */ = {isa = PBXFileReference; explicitFileType = wrapper.application; includeInIndex = 0; path = MemeV2.app; sourceTree = BUILT_PRODUCTS_DIR; };
		C5A7A5142068E9E100D5616F /* AppDelegate.swift */ = {isa = PBXFileReference; lastKnownFileType = sourcecode.swift; path = AppDelegate.swift; sourceTree = "<group>"; };
		C5A7A5162068E9E100D5616F /* MemeListViewController.swift */ = {isa = PBXFileReference; lastKnownFileType = sourcecode.swift; path = MemeListViewController.swift; sourceTree = "<group>"; };
		C5A7A5192068E9E100D5616F /* Base */ = {isa = PBXFileReference; lastKnownFileType = file.storyboard; name = Base; path = Base.lproj/Main.storyboard; sourceTree = "<group>"; };
		C5A7A51B2068E9E100D5616F /* Assets.xcassets */ = {isa = PBXFileReference; lastKnownFileType = folder.assetcatalog; path = Assets.xcassets; sourceTree = "<group>"; };
		C5A7A51E2068E9E100D5616F /* Base */ = {isa = PBXFileReference; lastKnownFileType = file.storyboard; name = Base; path = Base.lproj/LaunchScreen.storyboard; sourceTree = "<group>"; };
		C5A7A5202068E9E100D5616F /* Info.plist */ = {isa = PBXFileReference; lastKnownFileType = text.plist.xml; path = Info.plist; sourceTree = "<group>"; };
		C5A7A5292068EAB300D5616F /* MemeGridViewController.swift */ = {isa = PBXFileReference; lastKnownFileType = sourcecode.swift; path = MemeGridViewController.swift; sourceTree = "<group>"; };
		C5A7A52B2068EB0100D5616F /* EditMemeViewController.swift */ = {isa = PBXFileReference; lastKnownFileType = sourcecode.swift; path = EditMemeViewController.swift; sourceTree = "<group>"; };
		C5A7A52D2068EB2700D5616F /* ViewMemeViewController.swift */ = {isa = PBXFileReference; lastKnownFileType = sourcecode.swift; path = ViewMemeViewController.swift; sourceTree = "<group>"; };
/* End PBXFileReference section */

/* Begin PBXFrameworksBuildPhase section */
		C5A7A50E2068E9E100D5616F /* Frameworks */ = {
			isa = PBXFrameworksBuildPhase;
			buildActionMask = 2147483647;
			files = (
			);
			runOnlyForDeploymentPostprocessing = 0;
		};
/* End PBXFrameworksBuildPhase section */

/* Begin PBXGroup section */
		C5069BB7206920D9001D08F3 /* Utilities */ = {
			isa = PBXGroup;
			children = (
			);
			path = Utilities;
			sourceTree = "<group>";
		};
		C5069BBA206A3407001D08F3 /* Views */ = {
			isa = PBXGroup;
			children = (
				C5069BBB206A3419001D08F3 /* Cells */,
			);
			path = Views;
			sourceTree = "<group>";
		};
		C5069BBB206A3419001D08F3 /* Cells */ = {
			isa = PBXGroup;
			children = (
				C5069BBC206A344A001D08F3 /* MemeTableViewCell.swift */,
				C53BFB35206A7A1A0066B40F /* MemeCollectionViewCell.swift */,
			);
			path = Cells;
			sourceTree = "<group>";
		};
		C5A7A5082068E9E100D5616F = {
			isa = PBXGroup;
			children = (
				C5A7A5132068E9E100D5616F /* MemeV2 */,
				C5A7A5122068E9E100D5616F /* Products */,
			);
			sourceTree = "<group>";
		};
		C5A7A5122068E9E100D5616F /* Products */ = {
			isa = PBXGroup;
			children = (
				C5A7A5112068E9E100D5616F /* MemeV2.app */,
			);
			name = Products;
			sourceTree = "<group>";
		};
		C5A7A5132068E9E100D5616F /* MemeV2 */ = {
			isa = PBXGroup;
			children = (
				C5A7A5282068EA2300D5616F /* Models */,
				C5A7A5262068EA1100D5616F /* Storyboards */,
				C5069BB7206920D9001D08F3 /* Utilities */,
				C5A7A5272068EA1B00D5616F /* ViewControllers */,
				C5069BBA206A3407001D08F3 /* Views */,
				C5A7A5142068E9E100D5616F /* AppDelegate.swift */,
				C5A7A51B2068E9E100D5616F /* Assets.xcassets */,
				C5A7A5202068E9E100D5616F /* Info.plist */,
			);
			path = MemeV2;
			sourceTree = "<group>";
		};
		C5A7A5262068EA1100D5616F /* Storyboards */ = {
			isa = PBXGroup;
			children = (
				C5A7A5182068E9E100D5616F /* Main.storyboard */,
				C5A7A51D2068E9E100D5616F /* LaunchScreen.storyboard */,
			);
			path = Storyboards;
			sourceTree = "<group>";
		};
		C5A7A5272068EA1B00D5616F /* ViewControllers */ = {
			isa = PBXGroup;
			children = (
				C5A7A5162068E9E100D5616F /* MemeListViewController.swift */,
				C5A7A5292068EAB300D5616F /* MemeGridViewController.swift */,
				C5A7A52B2068EB0100D5616F /* EditMemeViewController.swift */,
				C5A7A52D2068EB2700D5616F /* ViewMemeViewController.swift */,
			);
			path = ViewControllers;
			sourceTree = "<group>";
		};
		C5A7A5282068EA2300D5616F /* Models */ = {
			isa = PBXGroup;
			children = (
				C5069BB8206928BA001D08F3 /* Meme.swift */,
			);
			path = Models;
			sourceTree = "<group>";
		};
/* End PBXGroup section */

/* Begin PBXNativeTarget section */
		C5A7A5102068E9E100D5616F /* MemeV2 */ = {
			isa = PBXNativeTarget;
			buildConfigurationList = C5A7A5232068E9E100D5616F /* Build configuration list for PBXNativeTarget "MemeV2" */;
			buildPhases = (
				C5A7A50D2068E9E100D5616F /* Sources */,
				C5A7A50E2068E9E100D5616F /* Frameworks */,
				C5A7A50F2068E9E100D5616F /* Resources */,
			);
			buildRules = (
			);
			dependencies = (
			);
			name = MemeV2;
			productName = MemeV2;
			productReference = C5A7A5112068E9E100D5616F /* MemeV2.app */;
			productType = "com.apple.product-type.application";
		};
/* End PBXNativeTarget section */

/* Begin PBXProject section */
		C5A7A5092068E9E100D5616F /* Project object */ = {
			isa = PBXProject;
			attributes = {
				LastSwiftUpdateCheck = 0920;
				LastUpgradeCheck = 0920;
				ORGANIZATIONNAME = "Phuc Tran";
				TargetAttributes = {
					C5A7A5102068E9E100D5616F = {
						CreatedOnToolsVersion = 9.2;
						ProvisioningStyle = Automatic;
					};
				};
			};
			buildConfigurationList = C5A7A50C2068E9E100D5616F /* Build configuration list for PBXProject "MemeV2" */;
			compatibilityVersion = "Xcode 8.0";
			developmentRegion = en;
			hasScannedForEncodings = 0;
			knownRegions = (
				en,
				Base,
			);
			mainGroup = C5A7A5082068E9E100D5616F;
			productRefGroup = C5A7A5122068E9E100D5616F /* Products */;
			projectDirPath = "";
			projectRoot = "";
			targets = (
				C5A7A5102068E9E100D5616F /* MemeV2 */,
			);
		};
/* End PBXProject section */

/* Begin PBXResourcesBuildPhase section */
		C5A7A50F2068E9E100D5616F /* Resources */ = {
			isa = PBXResourcesBuildPhase;
			buildActionMask = 2147483647;
			files = (
				C5A7A51F2068E9E100D5616F /* LaunchScreen.storyboard in Resources */,
				C5A7A51C2068E9E100D5616F /* Assets.xcassets in Resources */,
				C5A7A51A2068E9E100D5616F /* Main.storyboard in Resources */,
			);
			runOnlyForDeploymentPostprocessing = 0;
		};
/* End PBXResourcesBuildPhase section */

/* Begin PBXSourcesBuildPhase section */
		C5A7A50D2068E9E100D5616F /* Sources */ = {
			isa = PBXSourcesBuildPhase;
			buildActionMask = 2147483647;
			files = (
				C5A7A52C2068EB0100D5616F /* EditMemeViewController.swift in Sources */,
				C5A7A5172068E9E100D5616F /* MemeListViewController.swift in Sources */,
				C53BFB36206A7A1A0066B40F /* MemeCollectionViewCell.swift in Sources */,
				C5A7A52A2068EAB300D5616F /* MemeGridViewController.swift in Sources */,
				C5069BB9206928BA001D08F3 /* Meme.swift in Sources */,
				C5069BBD206A344A001D08F3 /* MemeTableViewCell.swift in Sources */,
				C5A7A52E2068EB2700D5616F /* ViewMemeViewController.swift in Sources */,
				C5A7A5152068E9E100D5616F /* AppDelegate.swift in Sources */,
			);
			runOnlyForDeploymentPostprocessing = 0;
		};
/* End PBXSourcesBuildPhase section */

/* Begin PBXVariantGroup section */
		C5A7A5182068E9E100D5616F /* Main.storyboard */ = {
			isa = PBXVariantGroup;
			children = (
				C5A7A5192068E9E100D5616F /* Base */,
			);
			name = Main.storyboard;
			sourceTree = "<group>";
		};
		C5A7A51D2068E9E100D5616F /* LaunchScreen.storyboard */ = {
			isa = PBXVariantGroup;
			children = (
				C5A7A51E2068E9E100D5616F /* Base */,
			);
			name = LaunchScreen.storyboard;
			sourceTree = "<group>";
		};
/* End PBXVariantGroup section */

/* Begin XCBuildConfiguration section */
		C5A7A5212068E9E100D5616F /* Debug */ = {
			isa = XCBuildConfiguration;
			buildSettings = {
				ALWAYS_SEARCH_USER_PATHS = NO;
				CLANG_ANALYZER_NONNULL = YES;
				CLANG_ANALYZER_NUMBER_OBJECT_CONVERSION = YES_AGGRESSIVE;
				CLANG_CXX_LANGUAGE_STANDARD = "gnu++14";
				CLANG_CXX_LIBRARY = "libc++";
				CLANG_ENABLE_MODULES = YES;
				CLANG_ENABLE_OBJC_ARC = YES;
				CLANG_WARN_BLOCK_CAPTURE_AUTORELEASING = YES;
				CLANG_WARN_BOOL_CONVERSION = YES;
				CLANG_WARN_COMMA = YES;
				CLANG_WARN_CONSTANT_CONVERSION = YES;
				CLANG_WARN_DIRECT_OBJC_ISA_USAGE = YES_ERROR;
				CLANG_WARN_DOCUMENTATION_COMMENTS = YES;
				CLANG_WARN_EMPTY_BODY = YES;
				CLANG_WARN_ENUM_CONVERSION = YES;
				CLANG_WARN_INFINITE_RECURSION = YES;
				CLANG_WARN_INT_CONVERSION = YES;
				CLANG_WARN_NON_LITERAL_NULL_CONVERSION = YES;
				CLANG_WARN_OBJC_LITERAL_CONVERSION = YES;
				CLANG_WARN_OBJC_ROOT_CLASS = YES_ERROR;
				CLANG_WARN_RANGE_LOOP_ANALYSIS = YES;
				CLANG_WARN_STRICT_PROTOTYPES = YES;
				CLANG_WARN_SUSPICIOUS_MOVE = YES;
				CLANG_WARN_UNGUARDED_AVAILABILITY = YES_AGGRESSIVE;
				CLANG_WARN_UNREACHABLE_CODE = YES;
				CLANG_WARN__DUPLICATE_METHOD_MATCH = YES;
				CODE_SIGN_IDENTITY = "iPhone Developer";
				COPY_PHASE_STRIP = NO;
				DEBUG_INFORMATION_FORMAT = dwarf;
				ENABLE_STRICT_OBJC_MSGSEND = YES;
				ENABLE_TESTABILITY = YES;
				GCC_C_LANGUAGE_STANDARD = gnu11;
				GCC_DYNAMIC_NO_PIC = NO;
				GCC_NO_COMMON_BLOCKS = YES;
				GCC_OPTIMIZATION_LEVEL = 0;
				GCC_PREPROCESSOR_DEFINITIONS = (
					"DEBUG=1",
					"$(inherited)",
				);
				GCC_WARN_64_TO_32_BIT_CONVERSION = YES;
				GCC_WARN_ABOUT_RETURN_TYPE = YES_ERROR;
				GCC_WARN_UNDECLARED_SELECTOR = YES;
				GCC_WARN_UNINITIALIZED_AUTOS = YES_AGGRESSIVE;
				GCC_WARN_UNUSED_FUNCTION = YES;
				GCC_WARN_UNUSED_VARIABLE = YES;
				IPHONEOS_DEPLOYMENT_TARGET = 11.2;
				MTL_ENABLE_DEBUG_INFO = YES;
				ONLY_ACTIVE_ARCH = YES;
				SDKROOT = iphoneos;
				SWIFT_ACTIVE_COMPILATION_CONDITIONS = DEBUG;
				SWIFT_OPTIMIZATION_LEVEL = "-Onone";
			};
			name = Debug;
		};
		C5A7A5222068E9E100D5616F /* Release */ = {
			isa = XCBuildConfiguration;
			buildSettings = {
				ALWAYS_SEARCH_USER_PATHS = NO;
				CLANG_ANALYZER_NONNULL = YES;
				CLANG_ANALYZER_NUMBER_OBJECT_CONVERSION = YES_AGGRESSIVE;
				CLANG_CXX_LANGUAGE_STANDARD = "gnu++14";
				CLANG_CXX_LIBRARY = "libc++";
				CLANG_ENABLE_MODULES = YES;
				CLANG_ENABLE_OBJC_ARC = YES;
				CLANG_WARN_BLOCK_CAPTURE_AUTORELEASING = YES;
				CLANG_WARN_BOOL_CONVERSION = YES;
				CLANG_WARN_COMMA = YES;
				CLANG_WARN_CONSTANT_CONVERSION = YES;
				CLANG_WARN_DIRECT_OBJC_ISA_USAGE = YES_ERROR;
				CLANG_WARN_DOCUMENTATION_COMMENTS = YES;
				CLANG_WARN_EMPTY_BODY = YES;
				CLANG_WARN_ENUM_CONVERSION = YES;
				CLANG_WARN_INFINITE_RECURSION = YES;
				CLANG_WARN_INT_CONVERSION = YES;
				CLANG_WARN_NON_LITERAL_NULL_CONVERSION = YES;
				CLANG_WARN_OBJC_LITERAL_CONVERSION = YES;
				CLANG_WARN_OBJC_ROOT_CLASS = YES_ERROR;
				CLANG_WARN_RANGE_LOOP_ANALYSIS = YES;
				CLANG_WARN_STRICT_PROTOTYPES = YES;
				CLANG_WARN_SUSPICIOUS_MOVE = YES;
				CLANG_WARN_UNGUARDED_AVAILABILITY = YES_AGGRESSIVE;
				CLANG_WARN_UNREACHABLE_CODE = YES;
				CLANG_WARN__DUPLICATE_METHOD_MATCH = YES;
				CODE_SIGN_IDENTITY = "iPhone Developer";
				COPY_PHASE_STRIP = NO;
				DEBUG_INFORMATION_FORMAT = "dwarf-with-dsym";
				ENABLE_NS_ASSERTIONS = NO;
				ENABLE_STRICT_OBJC_MSGSEND = YES;
				GCC_C_LANGUAGE_STANDARD = gnu11;
				GCC_NO_COMMON_BLOCKS = YES;
				GCC_WARN_64_TO_32_BIT_CONVERSION = YES;
				GCC_WARN_ABOUT_RETURN_TYPE = YES_ERROR;
				GCC_WARN_UNDECLARED_SELECTOR = YES;
				GCC_WARN_UNINITIALIZED_AUTOS = YES_AGGRESSIVE;
				GCC_WARN_UNUSED_FUNCTION = YES;
				GCC_WARN_UNUSED_VARIABLE = YES;
				IPHONEOS_DEPLOYMENT_TARGET = 11.2;
				MTL_ENABLE_DEBUG_INFO = NO;
				SDKROOT = iphoneos;
				SWIFT_OPTIMIZATION_LEVEL = "-Owholemodule";
				VALIDATE_PRODUCT = YES;
			};
			name = Release;
		};
		C5A7A5242068E9E100D5616F /* Debug */ = {
			isa = XCBuildConfiguration;
			buildSettings = {
				ASSETCATALOG_COMPILER_APPICON_NAME = AppIcon;
				CODE_SIGN_STYLE = Automatic;
				INFOPLIST_FILE = MemeV2/Info.plist;
				LD_RUNPATH_SEARCH_PATHS = "$(inherited) @executable_path/Frameworks";
				PRODUCT_BUNDLE_IDENTIFIER = com.phuctv.MemeV2;
				PRODUCT_NAME = "$(TARGET_NAME)";
				SWIFT_VERSION = 4.0;
				TARGETED_DEVICE_FAMILY = "1,2";
			};
			name = Debug;
		};
		C5A7A5252068E9E100D5616F /* Release */ = {
			isa = XCBuildConfiguration;
			buildSettings = {
				ASSETCATALOG_COMPILER_APPICON_NAME = AppIcon;
				CODE_SIGN_STYLE = Automatic;
				INFOPLIST_FILE = MemeV2/Info.plist;
				LD_RUNPATH_SEARCH_PATHS = "$(inherited) @executable_path/Frameworks";
				PRODUCT_BUNDLE_IDENTIFIER = com.phuctv.MemeV2;
				PRODUCT_NAME = "$(TARGET_NAME)";
				SWIFT_VERSION = 4.0;
				TARGETED_DEVICE_FAMILY = "1,2";
			};
			name = Release;
		};
/* End XCBuildConfiguration section */

/* Begin XCConfigurationList section */
		C5A7A50C2068E9E100D5616F /* Build configuration list for PBXProject "MemeV2" */ = {
			isa = XCConfigurationList;
			buildConfigurations = (
				C5A7A5212068E9E100D5616F /* Debug */,
				C5A7A5222068E9E100D5616F /* Release */,
			);
			defaultConfigurationIsVisible = 0;
			defaultConfigurationName = Release;
		};
		C5A7A5232068E9E100D5616F /* Build configuration list for PBXNativeTarget "MemeV2" */ = {
			isa = XCConfigurationList;
			buildConfigurations = (
				C5A7A5242068E9E100D5616F /* Debug */,
				C5A7A5252068E9E100D5616F /* Release */,
			);
			defaultConfigurationIsVisible = 0;
			defaultConfigurationName = Release;
		};
/* End XCConfigurationList section */
	};
	rootObject = C5A7A5092068E9E100D5616F /* Project object */;
}
